// !$*UTF8*$!
{
	archiveVersion = 1;
	classes = {
	};
	objectVersion = 48;
	objects = {

/* Begin PBXBuildFile section */
		8CE9183F218564CA00D0DAB8 /* AppDelegate.swift in Sources */ = {isa = PBXBuildFile; fileRef = 8CE9183E218564CA00D0DAB8 /* AppDelegate.swift */; };
		8CE91841218564CA00D0DAB8 /* ViewController.swift in Sources */ = {isa = PBXBuildFile; fileRef = 8CE91840218564CA00D0DAB8 /* ViewController.swift */; };
		8CE91844218564CA00D0DAB8 /* Main.storyboard in Resources */ = {isa = PBXBuildFile; fileRef = 8CE91842218564CA00D0DAB8 /* Main.storyboard */; };
		8CE91846218564CA00D0DAB8 /* Assets.xcassets in Resources */ = {isa = PBXBuildFile; fileRef = 8CE91845218564CA00D0DAB8 /* Assets.xcassets */; };
		8CE91849218564CA00D0DAB8 /* LaunchScreen.storyboard in Resources */ = {isa = PBXBuildFile; fileRef = 8CE91847218564CA00D0DAB8 /* LaunchScreen.storyboard */; };
		8CE91854218564CB00D0DAB8 /* tippyTests.swift in Sources */ = {isa = PBXBuildFile; fileRef = 8CE91853218564CB00D0DAB8 /* tippyTests.swift */; };
		8CE9185F218564CB00D0DAB8 /* tippyUITests.swift in Sources */ = {isa = PBXBuildFile; fileRef = 8CE9185E218564CB00D0DAB8 /* tippyUITests.swift */; };
/* End PBXBuildFile section */

/* Begin PBXContainerItemProxy section */
		8CE91850218564CB00D0DAB8 /* PBXContainerItemProxy */ = {
			isa = PBXContainerItemProxy;
			containerPortal = 8CE91833218564CA00D0DAB8 /* Project object */;
			proxyType = 1;
			remoteGlobalIDString = 8CE9183A218564CA00D0DAB8;
			remoteInfo = tippy;
		};
		8CE9185B218564CB00D0DAB8 /* PBXContainerItemProxy */ = {
			isa = PBXContainerItemProxy;
			containerPortal = 8CE91833218564CA00D0DAB8 /* Project object */;
			proxyType = 1;
			remoteGlobalIDString = 8CE9183A218564CA00D0DAB8;
			remoteInfo = tippy;
		};
/* End PBXContainerItemProxy section */

/* Begin PBXFileReference section */
		8CE9183B218564CA00D0DAB8 /* tippy.app */ = {isa = PBXFileReference; explicitFileType = wrapper.application; includeInIndex = 0; path = tippy.app; sourceTree = BUILT_PRODUCTS_DIR; };
		8CE9183E218564CA00D0DAB8 /* AppDelegate.swift */ = {isa = PBXFileReference; lastKnownFileType = sourcecode.swift; path = AppDelegate.swift; sourceTree = "<group>"; };
		8CE91840218564CA00D0DAB8 /* ViewController.swift */ = {isa = PBXFileReference; lastKnownFileType = sourcecode.swift; path = ViewController.swift; sourceTree = "<group>"; };
		8CE91843218564CA00D0DAB8 /* Base */ = {isa = PBXFileReference; lastKnownFileType = file.storyboard; name = Base; path = Base.lproj/Main.storyboard; sourceTree = "<group>"; };
		8CE91845218564CA00D0DAB8 /* Assets.xcassets */ = {isa = PBXFileReference; lastKnownFileType = folder.assetcatalog; path = Assets.xcassets; sourceTree = "<group>"; };
		8CE91848218564CA00D0DAB8 /* Base */ = {isa = PBXFileReference; lastKnownFileType = file.storyboard; name = Base; path = Base.lproj/LaunchScreen.storyboard; sourceTree = "<group>"; };
		8CE9184A218564CA00D0DAB8 /* Info.plist */ = {isa = PBXFileReference; lastKnownFileType = text.plist.xml; path = Info.plist; sourceTree = "<group>"; };
		8CE9184F218564CB00D0DAB8 /* tippyTests.xctest */ = {isa = PBXFileReference; explicitFileType = wrapper.cfbundle; includeInIndex = 0; path = tippyTests.xctest; sourceTree = BUILT_PRODUCTS_DIR; };
		8CE91853218564CB00D0DAB8 /* tippyTests.swift */ = {isa = PBXFileReference; lastKnownFileType = sourcecode.swift; path = tippyTests.swift; sourceTree = "<group>"; };
		8CE91855218564CB00D0DAB8 /* Info.plist */ = {isa = PBXFileReference; lastKnownFileType = text.plist.xml; path = Info.plist; sourceTree = "<group>"; };
		8CE9185A218564CB00D0DAB8 /* tippyUITests.xctest */ = {isa = PBXFileReference; explicitFileType = wrapper.cfbundle; includeInIndex = 0; path = tippyUITests.xctest; sourceTree = BUILT_PRODUCTS_DIR; };
		8CE9185E218564CB00D0DAB8 /* tippyUITests.swift */ = {isa = PBXFileReference; lastKnownFileType = sourcecode.swift; path = tippyUITests.swift; sourceTree = "<group>"; };
		8CE91860218564CB00D0DAB8 /* Info.plist */ = {isa = PBXFileReference; lastKnownFileType = text.plist.xml; path = Info.plist; sourceTree = "<group>"; };
/* End PBXFileReference section */

/* Begin PBXFrameworksBuildPhase section */
		8CE91838218564CA00D0DAB8 /* Frameworks */ = {
			isa = PBXFrameworksBuildPhase;
			buildActionMask = 2147483647;
			files = (
			);
			runOnlyForDeploymentPostprocessing = 0;
		};
		8CE9184C218564CB00D0DAB8 /* Frameworks */ = {
			isa = PBXFrameworksBuildPhase;
			buildActionMask = 2147483647;
			files = (
			);
			runOnlyForDeploymentPostprocessing = 0;
		};
		8CE91857218564CB00D0DAB8 /* Frameworks */ = {
			isa = PBXFrameworksBuildPhase;
			buildActionMask = 2147483647;
			files = (
			);
			runOnlyForDeploymentPostprocessing = 0;
		};
/* End PBXFrameworksBuildPhase section */

/* Begin PBXGroup section */
		8CE91832218564CA00D0DAB8 = {
			isa = PBXGroup;
			children = (
				8CE9183D218564CA00D0DAB8 /* tippy */,
				8CE91852218564CB00D0DAB8 /* tippyTests */,
				8CE9185D218564CB00D0DAB8 /* tippyUITests */,
				8CE9183C218564CA00D0DAB8 /* Products */,
			);
			sourceTree = "<group>";
		};
		8CE9183C218564CA00D0DAB8 /* Products */ = {
			isa = PBXGroup;
			children = (
				8CE9183B218564CA00D0DAB8 /* tippy.app */,
				8CE9184F218564CB00D0DAB8 /* tippyTests.xctest */,
				8CE9185A218564CB00D0DAB8 /* tippyUITests.xctest */,
			);
			name = Products;
			sourceTree = "<group>";
		};
		8CE9183D218564CA00D0DAB8 /* tippy */ = {
			isa = PBXGroup;
			children = (
				8CE9183E218564CA00D0DAB8 /* AppDelegate.swift */,
				8CE91840218564CA00D0DAB8 /* ViewController.swift */,
				8CE91842218564CA00D0DAB8 /* Main.storyboard */,
				8CE91845218564CA00D0DAB8 /* Assets.xcassets */,
				8CE91847218564CA00D0DAB8 /* LaunchScreen.storyboard */,
				8CE9184A218564CA00D0DAB8 /* Info.plist */,
			);
			path = tippy;
			sourceTree = "<group>";
		};
		8CE91852218564CB00D0DAB8 /* tippyTests */ = {
			isa = PBXGroup;
			children = (
				8CE91853218564CB00D0DAB8 /* tippyTests.swift */,
				8CE91855218564CB00D0DAB8 /* Info.plist */,
			);
			path = tippyTests;
			sourceTree = "<group>";
		};
		8CE9185D218564CB00D0DAB8 /* tippyUITests */ = {
			isa = PBXGroup;
			children = (
				8CE9185E218564CB00D0DAB8 /* tippyUITests.swift */,
				8CE91860218564CB00D0DAB8 /* Info.plist */,
			);
			path = tippyUITests;
			sourceTree = "<group>";
		};
/* End PBXGroup section */

/* Begin PBXNativeTarget section */
		8CE9183A218564CA00D0DAB8 /* tippy */ = {
			isa = PBXNativeTarget;
			buildConfigurationList = 8CE91863218564CB00D0DAB8 /* Build configuration list for PBXNativeTarget "tippy" */;
			buildPhases = (
				8CE91837218564CA00D0DAB8 /* Sources */,
				8CE91838218564CA00D0DAB8 /* Frameworks */,
				8CE91839218564CA00D0DAB8 /* Resources */,
			);
			buildRules = (
			);
			dependencies = (
			);
			name = tippy;
			productName = tippy;
			productReference = 8CE9183B218564CA00D0DAB8 /* tippy.app */;
			productType = "com.apple.product-type.application";
		};
		8CE9184E218564CB00D0DAB8 /* tippyTests */ = {
			isa = PBXNativeTarget;
			buildConfigurationList = 8CE91866218564CB00D0DAB8 /* Build configuration list for PBXNativeTarget "tippyTests" */;
			buildPhases = (
				8CE9184B218564CB00D0DAB8 /* Sources */,
				8CE9184C218564CB00D0DAB8 /* Frameworks */,
				8CE9184D218564CB00D0DAB8 /* Resources */,
			);
			buildRules = (
			);
			dependencies = (
				8CE91851218564CB00D0DAB8 /* PBXTargetDependency */,
			);
			name = tippyTests;
			productName = tippyTests;
			productReference = 8CE9184F218564CB00D0DAB8 /* tippyTests.xctest */;
			productType = "com.apple.product-type.bundle.unit-test";
		};
		8CE91859218564CB00D0DAB8 /* tippyUITests */ = {
			isa = PBXNativeTarget;
			buildConfigurationList = 8CE91869218564CB00D0DAB8 /* Build configuration list for PBXNativeTarget "tippyUITests" */;
			buildPhases = (
				8CE91856218564CB00D0DAB8 /* Sources */,
				8CE91857218564CB00D0DAB8 /* Frameworks */,
				8CE91858218564CB00D0DAB8 /* Resources */,
			);
			buildRules = (
			);
			dependencies = (
				8CE9185C218564CB00D0DAB8 /* PBXTargetDependency */,
			);
			name = tippyUITests;
			productName = tippyUITests;
			productReference = 8CE9185A218564CB00D0DAB8 /* tippyUITests.xctest */;
			productType = "com.apple.product-type.bundle.ui-testing";
		};
/* End PBXNativeTarget section */

/* Begin PBXProject section */
		8CE91833218564CA00D0DAB8 /* Project object */ = {
			isa = PBXProject;
			attributes = {
				LastSwiftUpdateCheck = 0920;
				LastUpgradeCheck = 0920;
				ORGANIZATIONNAME = shenxianglan;
				TargetAttributes = {
					8CE9183A218564CA00D0DAB8 = {
						CreatedOnToolsVersion = 9.2;
						ProvisioningStyle = Automatic;
					};
					8CE9184E218564CB00D0DAB8 = {
						CreatedOnToolsVersion = 9.2;
						ProvisioningStyle = Automatic;
						TestTargetID = 8CE9183A218564CA00D0DAB8;
					};
					8CE91859218564CB00D0DAB8 = {
						CreatedOnToolsVersion = 9.2;
						ProvisioningStyle = Automatic;
						TestTargetID = 8CE9183A218564CA00D0DAB8;
					};
				};
			};
			buildConfigurationList = 8CE91836218564CA00D0DAB8 /* Build configuration list for PBXProject "tippy" */;
			compatibilityVersion = "Xcode 8.0";
			developmentRegion = en;
			hasScannedForEncodings = 0;
			knownRegions = (
				en,
				Base,
			);
			mainGroup = 8CE91832218564CA00D0DAB8;
			productRefGroup = 8CE9183C218564CA00D0DAB8 /* Products */;
			projectDirPath = "";
			projectRoot = "";
			targets = (
				8CE9183A218564CA00D0DAB8 /* tippy */,
				8CE9184E218564CB00D0DAB8 /* tippyTests */,
				8CE91859218564CB00D0DAB8 /* tippyUITests */,
			);
		};
/* End PBXProject section */

/* Begin PBXResourcesBuildPhase section */
		8CE91839218564CA00D0DAB8 /* Resources */ = {
			isa = PBXResourcesBuildPhase;
			buildActionMask = 2147483647;
			files = (
				8CE91849218564CA00D0DAB8 /* LaunchScreen.storyboard in Resources */,
				8CE91846218564CA00D0DAB8 /* Assets.xcassets in Resources */,
				8CE91844218564CA00D0DAB8 /* Main.storyboard in Resources */,
			);
			runOnlyForDeploymentPostprocessing = 0;
		};
		8CE9184D218564CB00D0DAB8 /* Resources */ = {
			isa = PBXResourcesBuildPhase;
			buildActionMask = 2147483647;
			files = (
			);
			runOnlyForDeploymentPostprocessing = 0;
		};
		8CE91858218564CB00D0DAB8 /* Resources */ = {
			isa = PBXResourcesBuildPhase;
			buildActionMask = 2147483647;
			files = (
			);
			runOnlyForDeploymentPostprocessing = 0;
		};
/* End PBXResourcesBuildPhase section */

/* Begin PBXSourcesBuildPhase section */
		8CE91837218564CA00D0DAB8 /* Sources */ = {
			isa = PBXSourcesBuildPhase;
			buildActionMask = 2147483647;
			files = (
				8CE91841218564CA00D0DAB8 /* ViewController.swift in Sources */,
				8CE9183F218564CA00D0DAB8 /* AppDelegate.swift in Sources */,
			);
			runOnlyForDeploymentPostprocessing = 0;
		};
		8CE9184B218564CB00D0DAB8 /* Sources */ = {
			isa = PBXSourcesBuildPhase;
			buildActionMask = 2147483647;
			files = (
				8CE91854218564CB00D0DAB8 /* tippyTests.swift in Sources */,
			);
			runOnlyForDeploymentPostprocessing = 0;
		};
		8CE91856218564CB00D0DAB8 /* Sources */ = {
			isa = PBXSourcesBuildPhase;
			buildActionMask = 2147483647;
			files = (
				8CE9185F218564CB00D0DAB8 /* tippyUITests.swift in Sources */,
			);
			runOnlyForDeploymentPostprocessing = 0;
		};
/* End PBXSourcesBuildPhase section */

/* Begin PBXTargetDependency section */
		8CE91851218564CB00D0DAB8 /* PBXTargetDependency */ = {
			isa = PBXTargetDependency;
			target = 8CE9183A218564CA00D0DAB8 /* tippy */;
			targetProxy = 8CE91850218564CB00D0DAB8 /* PBXContainerItemProxy */;
		};
		8CE9185C218564CB00D0DAB8 /* PBXTargetDependency */ = {
			isa = PBXTargetDependency;
			target = 8CE9183A218564CA00D0DAB8 /* tippy */;
			targetProxy = 8CE9185B218564CB00D0DAB8 /* PBXContainerItemProxy */;
		};
/* End PBXTargetDependency section */

/* Begin PBXVariantGroup section */
		8CE91842218564CA00D0DAB8 /* Main.storyboard */ = {
			isa = PBXVariantGroup;
			children = (
				8CE91843218564CA00D0DAB8 /* Base */,
			);
			name = Main.storyboard;
			sourceTree = "<group>";
		};
		8CE91847218564CA00D0DAB8 /* LaunchScreen.storyboard */ = {
			isa = PBXVariantGroup;
			children = (
				8CE91848218564CA00D0DAB8 /* Base */,
			);
			name = LaunchScreen.storyboard;
			sourceTree = "<group>";
		};
/* End PBXVariantGroup section */

/* Begin XCBuildConfiguration section */
		8CE91861218564CB00D0DAB8 /* Debug */ = {
			isa = XCBuildConfiguration;
			buildSettings = {
				ALWAYS_SEARCH_USER_PATHS = NO;
				CLANG_ANALYZER_NONNULL = YES;
				CLANG_ANALYZER_NUMBER_OBJECT_CONVERSION = YES_AGGRESSIVE;
				CLANG_CXX_LANGUAGE_STANDARD = "gnu++14";
				CLANG_CXX_LIBRARY = "libc++";
				CLANG_ENABLE_MODULES = YES;
				CLANG_ENABLE_OBJC_ARC = YES;
				CLANG_WARN_BLOCK_CAPTURE_AUTORELEASING = YES;
				CLANG_WARN_BOOL_CONVERSION = YES;
				CLANG_WARN_COMMA = YES;
				CLANG_WARN_CONSTANT_CONVERSION = YES;
				CLANG_WARN_DIRECT_OBJC_ISA_USAGE = YES_ERROR;
				CLANG_WARN_DOCUMENTATION_COMMENTS = YES;
				CLANG_WARN_EMPTY_BODY = YES;
				CLANG_WARN_ENUM_CONVERSION = YES;
				CLANG_WARN_INFINITE_RECURSION = YES;
				CLANG_WARN_INT_CONVERSION = YES;
				CLANG_WARN_NON_LITERAL_NULL_CONVERSION = YES;
				CLANG_WARN_OBJC_LITERAL_CONVERSION = YES;
				CLANG_WARN_OBJC_ROOT_CLASS = YES_ERROR;
				CLANG_WARN_RANGE_LOOP_ANALYSIS = YES;
				CLANG_WARN_STRICT_PROTOTYPES = YES;
				CLANG_WARN_SUSPICIOUS_MOVE = YES;
				CLANG_WARN_UNGUARDED_AVAILABILITY = YES_AGGRESSIVE;
				CLANG_WARN_UNREACHABLE_CODE = YES;
				CLANG_WARN__DUPLICATE_METHOD_MATCH = YES;
				CODE_SIGN_IDENTITY = "iPhone Developer";
				COPY_PHASE_STRIP = NO;
				DEBUG_INFORMATION_FORMAT = dwarf;
				ENABLE_STRICT_OBJC_MSGSEND = YES;
				ENABLE_TESTABILITY = YES;
				GCC_C_LANGUAGE_STANDARD = gnu11;
				GCC_DYNAMIC_NO_PIC = NO;
				GCC_NO_COMMON_BLOCKS = YES;
				GCC_OPTIMIZATION_LEVEL = 0;
				GCC_PREPROCESSOR_DEFINITIONS = (
					"DEBUG=1",
					"$(inherited)",
				);
				GCC_WARN_64_TO_32_BIT_CONVERSION = YES;
				GCC_WARN_ABOUT_RETURN_TYPE = YES_ERROR;
				GCC_WARN_UNDECLARED_SELECTOR = YES;
				GCC_WARN_UNINITIALIZED_AUTOS = YES_AGGRESSIVE;
				GCC_WARN_UNUSED_FUNCTION = YES;
				GCC_WARN_UNUSED_VARIABLE = YES;
				IPHONEOS_DEPLOYMENT_TARGET = 11.2;
				MTL_ENABLE_DEBUG_INFO = YES;
				ONLY_ACTIVE_ARCH = YES;
				SDKROOT = iphoneos;
				SWIFT_ACTIVE_COMPILATION_CONDITIONS = DEBUG;
				SWIFT_OPTIMIZATION_LEVEL = "-Onone";
			};
			name = Debug;
		};
		8CE91862218564CB00D0DAB8 /* Release */ = {
			isa = XCBuildConfiguration;
			buildSettings = {
				ALWAYS_SEARCH_USER_PATHS = NO;
				CLANG_ANALYZER_NONNULL = YES;
				CLANG_ANALYZER_NUMBER_OBJECT_CONVERSION = YES_AGGRESSIVE;
				CLANG_CXX_LANGUAGE_STANDARD = "gnu++14";
				CLANG_CXX_LIBRARY = "libc++";
				CLANG_ENABLE_MODULES = YES;
				CLANG_ENABLE_OBJC_ARC = YES;
				CLANG_WARN_BLOCK_CAPTURE_AUTORELEASING = YES;
				CLANG_WARN_BOOL_CONVERSION = YES;
				CLANG_WARN_COMMA = YES;
				CLANG_WARN_CONSTANT_CONVERSION = YES;
				CLANG_WARN_DIRECT_OBJC_ISA_USAGE = YES_ERROR;
				CLANG_WARN_DOCUMENTATION_COMMENTS = YES;
				CLANG_WARN_EMPTY_BODY = YES;
				CLANG_WARN_ENUM_CONVERSION = YES;
				CLANG_WARN_INFINITE_RECURSION = YES;
				CLANG_WARN_INT_CONVERSION = YES;
				CLANG_WARN_NON_LITERAL_NULL_CONVERSION = YES;
				CLANG_WARN_OBJC_LITERAL_CONVERSION = YES;
				CLANG_WARN_OBJC_ROOT_CLASS = YES_ERROR;
				CLANG_WARN_RANGE_LOOP_ANALYSIS = YES;
				CLANG_WARN_STRICT_PROTOTYPES = YES;
				CLANG_WARN_SUSPICIOUS_MOVE = YES;
				CLANG_WARN_UNGUARDED_AVAILABILITY = YES_AGGRESSIVE;
				CLANG_WARN_UNREACHABLE_CODE = YES;
				CLANG_WARN__DUPLICATE_METHOD_MATCH = YES;
				CODE_SIGN_IDENTITY = "iPhone Developer";
				COPY_PHASE_STRIP = NO;
				DEBUG_INFORMATION_FORMAT = "dwarf-with-dsym";
				ENABLE_NS_ASSERTIONS = NO;
				ENABLE_STRICT_OBJC_MSGSEND = YES;
				GCC_C_LANGUAGE_STANDARD = gnu11;
				GCC_NO_COMMON_BLOCKS = YES;
				GCC_WARN_64_TO_32_BIT_CONVERSION = YES;
				GCC_WARN_ABOUT_RETURN_TYPE = YES_ERROR;
				GCC_WARN_UNDECLARED_SELECTOR = YES;
				GCC_WARN_UNINITIALIZED_AUTOS = YES_AGGRESSIVE;
				GCC_WARN_UNUSED_FUNCTION = YES;
				GCC_WARN_UNUSED_VARIABLE = YES;
				IPHONEOS_DEPLOYMENT_TARGET = 11.2;
				MTL_ENABLE_DEBUG_INFO = NO;
				SDKROOT = iphoneos;
				SWIFT_OPTIMIZATION_LEVEL = "-Owholemodule";
				VALIDATE_PRODUCT = YES;
			};
			name = Release;
		};
		8CE91864218564CB00D0DAB8 /* Debug */ = {
			isa = XCBuildConfiguration;
			buildSettings = {
				ASSETCATALOG_COMPILER_APPICON_NAME = AppIcon;
				CODE_SIGN_STYLE = Automatic;
				DEVELOPMENT_TEAM = "";
				INFOPLIST_FILE = tippy/Info.plist;
				LD_RUNPATH_SEARCH_PATHS = "$(inherited) @executable_path/Frameworks";
				PRODUCT_BUNDLE_IDENTIFIER = com.codepath.tippy;
				PRODUCT_NAME = "$(TARGET_NAME)";
				SWIFT_VERSION = 4.0;
				TARGETED_DEVICE_FAMILY = "1,2";
			};
			name = Debug;
		};
		8CE91865218564CB00D0DAB8 /* Release */ = {
			isa = XCBuildConfiguration;
			buildSettings = {
				ASSETCATALOG_COMPILER_APPICON_NAME = AppIcon;
				CODE_SIGN_STYLE = Automatic;
				DEVELOPMENT_TEAM = "";
				INFOPLIST_FILE = tippy/Info.plist;
				LD_RUNPATH_SEARCH_PATHS = "$(inherited) @executable_path/Frameworks";
				PRODUCT_BUNDLE_IDENTIFIER = com.codepath.tippy;
				PRODUCT_NAME = "$(TARGET_NAME)";
				SWIFT_VERSION = 4.0;
				TARGETED_DEVICE_FAMILY = "1,2";
			};
			name = Release;
		};
		8CE91867218564CB00D0DAB8 /* Debug */ = {
			isa = XCBuildConfiguration;
			buildSettings = {
				ALWAYS_EMBED_SWIFT_STANDARD_LIBRARIES = YES;
				BUNDLE_LOADER = "$(TEST_HOST)";
				CODE_SIGN_STYLE = Automatic;
				DEVELOPMENT_TEAM = MBWDBDBB85;
				INFOPLIST_FILE = tippyTests/Info.plist;
				LD_RUNPATH_SEARCH_PATHS = "$(inherited) @executable_path/Frameworks @loader_path/Frameworks";
				PRODUCT_BUNDLE_IDENTIFIER = com.codepath.tippyTests;
				PRODUCT_NAME = "$(TARGET_NAME)";
				SWIFT_VERSION = 4.0;
				TARGETED_DEVICE_FAMILY = "1,2";
				TEST_HOST = "$(BUILT_PRODUCTS_DIR)/tippy.app/tippy";
			};
			name = Debug;
		};
		8CE91868218564CB00D0DAB8 /* Release */ = {
			isa = XCBuildConfiguration;
			buildSettings = {
				ALWAYS_EMBED_SWIFT_STANDARD_LIBRARIES = YES;
				BUNDLE_LOADER = "$(TEST_HOST)";
				CODE_SIGN_STYLE = Automatic;
				DEVELOPMENT_TEAM = MBWDBDBB85;
				INFOPLIST_FILE = tippyTests/Info.plist;
				LD_RUNPATH_SEARCH_PATHS = "$(inherited) @executable_path/Frameworks @loader_path/Frameworks";
				PRODUCT_BUNDLE_IDENTIFIER = com.codepath.tippyTests;
				PRODUCT_NAME = "$(TARGET_NAME)";
				SWIFT_VERSION = 4.0;
				TARGETED_DEVICE_FAMILY = "1,2";
				TEST_HOST = "$(BUILT_PRODUCTS_DIR)/tippy.app/tippy";
			};
			name = Release;
		};
		8CE9186A218564CB00D0DAB8 /* Debug */ = {
			isa = XCBuildConfiguration;
			buildSettings = {
				ALWAYS_EMBED_SWIFT_STANDARD_LIBRARIES = YES;
				CODE_SIGN_STYLE = Automatic;
				DEVELOPMENT_TEAM = MBWDBDBB85;
				INFOPLIST_FILE = tippyUITests/Info.plist;
				LD_RUNPATH_SEARCH_PATHS = "$(inherited) @executable_path/Frameworks @loader_path/Frameworks";
				PRODUCT_BUNDLE_IDENTIFIER = com.codepath.tippyUITests;
				PRODUCT_NAME = "$(TARGET_NAME)";
				SWIFT_VERSION = 4.0;
				TARGETED_DEVICE_FAMILY = "1,2";
				TEST_TARGET_NAME = tippy;
			};
			name = Debug;
		};
		8CE9186B218564CB00D0DAB8 /* Release */ = {
			isa = XCBuildConfiguration;
			buildSettings = {
				ALWAYS_EMBED_SWIFT_STANDARD_LIBRARIES = YES;
				CODE_SIGN_STYLE = Automatic;
				DEVELOPMENT_TEAM = MBWDBDBB85;
				INFOPLIST_FILE = tippyUITests/Info.plist;
				LD_RUNPATH_SEARCH_PATHS = "$(inherited) @executable_path/Frameworks @loader_path/Frameworks";
				PRODUCT_BUNDLE_IDENTIFIER = com.codepath.tippyUITests;
				PRODUCT_NAME = "$(TARGET_NAME)";
				SWIFT_VERSION = 4.0;
				TARGETED_DEVICE_FAMILY = "1,2";
				TEST_TARGET_NAME = tippy;
			};
			name = Release;
		};
/* End XCBuildConfiguration section */

/* Begin XCConfigurationList section */
		8CE91836218564CA00D0DAB8 /* Build configuration list for PBXProject "tippy" */ = {
			isa = XCConfigurationList;
			buildConfigurations = (
				8CE91861218564CB00D0DAB8 /* Debug */,
				8CE91862218564CB00D0DAB8 /* Release */,
			);
			defaultConfigurationIsVisible = 0;
			defaultConfigurationName = Release;
		};
		8CE91863218564CB00D0DAB8 /* Build configuration list for PBXNativeTarget "tippy" */ = {
			isa = XCConfigurationList;
			buildConfigurations = (
				8CE91864218564CB00D0DAB8 /* Debug */,
				8CE91865218564CB00D0DAB8 /* Release */,
			);
			defaultConfigurationIsVisible = 0;
			defaultConfigurationName = Release;
		};
		8CE91866218564CB00D0DAB8 /* Build configuration list for PBXNativeTarget "tippyTests" */ = {
			isa = XCConfigurationList;
			buildConfigurations = (
				8CE91867218564CB00D0DAB8 /* Debug */,
				8CE91868218564CB00D0DAB8 /* Release */,
			);
			defaultConfigurationIsVisible = 0;
			defaultConfigurationName = Release;
		};
		8CE91869218564CB00D0DAB8 /* Build configuration list for PBXNativeTarget "tippyUITests" */ = {
			isa = XCConfigurationList;
			buildConfigurations = (
				8CE9186A218564CB00D0DAB8 /* Debug */,
				8CE9186B218564CB00D0DAB8 /* Release */,
			);
			defaultConfigurationIsVisible = 0;
			defaultConfigurationName = Release;
		};
/* End XCConfigurationList section */
	};
	rootObject = 8CE91833218564CA00D0DAB8 /* Project object */;
}
